
Microsoft Visual Studio Solution File, Format Version 12.00
# Visual Studio Version 17
VisualStudioVersion = 17.7.34024.191
MinimumVisualStudioVersion = 10.0.40219.1
Project("{FAE04EC0-301F-11D3-BF4B-00C04F79EFBC}") = "Тумаков 19.10.2023", "Тумаков 19.10.2023\Тумаков 19.10.2023.csproj", "{2B30DCEB-C3CB-4C1C-980A-150583F7E686}"
EndProject
Global
	GlobalSection(SolutionConfigurationPlatforms) = preSolution
		Debug|Any CPU = Debug|Any CPU
		Release|Any CPU = Release|Any CPU
	EndGlobalSection
	GlobalSection(ProjectConfigurationPlatforms) = postSolution
		{2B30DCEB-C3CB-4C1C-980A-150583F7E686}.Debug|Any CPU.ActiveCfg = Debug|Any CPU
		{2B30DCEB-C3CB-4C1C-980A-150583F7E686}.Debug|Any CPU.Build.0 = Debug|Any CPU
		{2B30DCEB-C3CB-4C1C-980A-150583F7E686}.Release|Any CPU.ActiveCfg = Release|Any CPU
		{2B30DCEB-C3CB-4C1C-980A-150583F7E686}.Release|Any CPU.Build.0 = Release|Any CPU
	EndGlobalSection
	GlobalSection(SolutionProperties) = preSolution
		HideSolutionNode = FALSE
	EndGlobalSection
	GlobalSection(ExtensibilityGlobals) = postSolution
		SolutionGuid = {EFCD8A42-AC80-4AE7-9ECA-DFD640EE8D8D}
	EndGlobalSection
EndGlobal
